# This file is automatically @generated by Cargo.
# It is not intended for manual editing.
[[package]]
name = "bindings"
version = "0.0.0"
dependencies = [
 "windows",
]

[[package]]
name = "const-sha1"
version = "0.2.0"
source = "registry+https://github.com/rust-lang/crates.io-index"
checksum = "fb58b6451e8c2a812ad979ed1d83378caa5e927eef2622017a45f251457c2c9d"

[[package]]
name = "proc-macro2"
version = "1.0.27"
source = "registry+https://github.com/rust-lang/crates.io-index"
checksum = "f0d8caf72986c1a598726adc988bb5984792ef84f5ee5aa50209145ee8077038"
dependencies = [
 "unicode-xid",
]

[[package]]
name = "quote"
version = "1.0.9"
source = "registry+https://github.com/rust-lang/crates.io-index"
checksum = "c3d0b9745dc2debf507c8422de05d7226cc1f0644216dfdfead988f9b1ab32a7"
dependencies = [
 "proc-macro2",
]

[[package]]
name = "syn"
version = "1.0.73"
source = "registry+https://github.com/rust-lang/crates.io-index"
checksum = "f71489ff30030d2ae598524f61326b902466f72a0fb1a8564c001cc63425bcc7"
dependencies = [
 "proc-macro2",
 "quote",
 "unicode-xid",
]

[[package]]
name = "unicode-xid"
version = "0.2.2"
source = "registry+https://github.com/rust-lang/crates.io-index"
checksum = "8ccb82d61f80a663efe1f787a51b16b5a51e3314d6ac365b08639f52387b33f3"

[[package]]
name = "windows"
version = "0.11.0"
source = "registry+https://github.com/rust-lang/crates.io-index"
checksum = "25b270ca3fa1282aa091f122551348f8186f07888dffdfe64df17206ad3b56d0"
dependencies = [
 "const-sha1",
 "windows_gen",
 "windows_macros",
]

[[package]]
name = "windows_gen"
version = "0.11.0"
source = "registry+https://github.com/rust-lang/crates.io-index"
checksum = "44bd40154eb69ba3c80f11752494a2a34d1b448b06b80449238edfbd00ec7eef"

[[package]]
name = "windows_macros"
version = "0.11.0"
source = "registry+https://github.com/rust-lang/crates.io-index"
checksum = "bae6942e04aa5792bbf3b3cf5ded1b7590a7ffd76d53ea179210b87911b6587f"
dependencies = [
 "syn",
 "windows_gen",
]
